
Microsoft Visual Studio Solution File, Format Version 12.00
# Visual Studio Version 17
VisualStudioVersion = 17.7.34024.191
MinimumVisualStudioVersion = 10.0.40219.1
Project("{FAE04EC0-301F-11D3-BF4B-00C04F79EFBC}") = "Garazni sistem", "Garazni sistem\Garazni sistem.csproj", "{21D2FEBC-4E57-4F6D-BB7F-BD78495F82CE}"
EndProject
Global
	GlobalSection(SolutionConfigurationPlatforms) = preSolution
		Debug|Any CPU = Debug|Any CPU
		Release|Any CPU = Release|Any CPU
	EndGlobalSection
	GlobalSection(ProjectConfigurationPlatforms) = postSolution
		{21D2FEBC-4E57-4F6D-BB7F-BD78495F82CE}.Debug|Any CPU.ActiveCfg = Debug|Any CPU
		{21D2FEBC-4E57-4F6D-BB7F-BD78495F82CE}.Debug|Any CPU.Build.0 = Debug|Any CPU
		{21D2FEBC-4E57-4F6D-BB7F-BD78495F82CE}.Release|Any CPU.ActiveCfg = Release|Any CPU
		{21D2FEBC-4E57-4F6D-BB7F-BD78495F82CE}.Release|Any CPU.Build.0 = Release|Any CPU
	EndGlobalSection
	GlobalSection(SolutionProperties) = preSolution
		HideSolutionNode = FALSE
	EndGlobalSection
	GlobalSection(ExtensibilityGlobals) = postSolution
		SolutionGuid = {58F01E99-FAA3-4C57-9401-205CD1426F25}
	EndGlobalSection
EndGlobal
